# This file is autogenerated, do not edit; changes may be undone by the next 'dep ensure'.


[[projects]]
  digest = "1:55388fd080150b9a072912f97b1f5891eb0b50df43401f8b75fb4273d3fec9fc"
  name = "github.com/Masterminds/semver"
  packages = ["."]
  pruneopts = "UT"
  revision = "c7af12943936e8c39859482e61f0574c2fd7fc75"
  version = "v1.4.2"

[[projects]]
  digest = "1:46a054a232ea2b7f0a35398d682b433d26ba9975fce9197b1784824402059f5b"
  name = "github.com/Masterminds/sprig"
  packages = ["."]
  pruneopts = "UT"
  revision = "6b2a58267f6a8b1dc8e2eb5519b984008fa85e8c"
  version = "v2.15.0"

[[projects]]
  digest = "1:8f5416c7f59da8600725ae1ff00a99af1da8b04c211ae6f3c8f8bcab0164f650"
  name = "github.com/aokoli/goutils"
  packages = ["."]
  pruneopts = "UT"
  revision = "3391d3790d23d03408670993e957e8f408993c34"
  version = "v1.0.1"

[[projects]]
  digest = "1:320e7ead93de9fd2b0e59b50fd92a4d50c1f8ab455d96bc2eb083267453a9709"
  name = "github.com/asaskevich/govalidator"
  packages = ["."]
  pruneopts = "UT"
  revision = "ccb8e960c48f04d6935e72476ae4a51028f9e22f"
  version = "v9"

[[projects]]
  digest = "1:a2c1d0e43bd3baaa071d1b9ed72c27d78169b2b269f71c105ac4ba34b1be4a39"
  name = "github.com/davecgh/go-spew"
  packages = ["spew"]
  pruneopts = "UT"
  revision = "346938d642f2ec3594ed81d874461961cd0faa76"
  version = "v1.1.0"

[[projects]]
  branch = "v2"
  digest = "1:e096ada745e034a059752c202717baee0379b69db9473a90f59d103c973384cf"
  name = "github.com/go-gomail/gomail"
  packages = ["."]
  pruneopts = "UT"
  revision = "81ebce5c23dfd25c6c67194b37d3dd3f338c98b1"

[[projects]]
  digest = "1:38ec74012390146c45af1f92d46e5382b50531247929ff3a685d2b2be65155ac"
  name = "github.com/gomodule/redigo"
  packages = [
    "internal",
    "redis",
  ]
  pruneopts = "UT"
  revision = "9c11da706d9b7902c6da69c592f75637793fe121"
  version = "v2.0.0"

[[projects]]
  digest = "1:8f8811f9be822914c3a25c6a071e93beb4c805d7b026cbf298bc577bc1cc945b"
  name = "github.com/google/uuid"
  packages = ["."]
  pruneopts = "UT"
  revision = "064e2069ce9c359c118179501254f67d7d37ba24"
  version = "0.2"

[[projects]]
  digest = "1:6b1e7618931d0ed9a17fec1c1d84271907aa61172c50b8272327f6cd4fafb650"
  name = "github.com/huandu/xstrings"
  packages = ["."]
  pruneopts = "UT"
  revision = "2bf18b218c51864a87384c06996e40ff9dcff8e1"
  version = "v1.0.0"

[[projects]]
  digest = "1:1069357a2767ba898fd6c715fb15d005403e5becf9b2e747630fbdde2a340302"
  name = "github.com/imdario/mergo"
  packages = ["."]
  pruneopts = "UT"
  revision = "7fe0c75c13abdee74b09fcacef5ea1c6bba6a874"
  version = "0.2.4"

[[projects]]
  branch = "master"
  digest = "1:9978a2b03deb8ac9bdec52d90aaa60165cacdf63cc1b9e011ba65fc88c268602"
  name = "github.com/jaytaylor/html2text"
  packages = ["."]
  pruneopts = "UT"
  revision = "64a82a6d140778896f13303121a49d8cb8007034"

[[projects]]
  branch = "master"
  digest = "1:bd26bbaf1e9f9dfe829a88f87a0849b56f717c31785443a67668f2c752fa8412"
  name = "github.com/lib/pq"
  packages = [
    ".",
    "oid",
  ]
  pruneopts = "UT"
  revision = "b2004221932bd6b13167ef654c81cffac36f7537"

[[projects]]
  digest = "1:71f7e9072bdef9e2c86deb94616e1c44f55fe1bd8f9e724cd2a09b7f65e519e1"
  name = "github.com/matcornic/hermes"
  packages = ["."]
  pruneopts = "UT"
  revision = "ab1a08cd578c2c5ddaae5490bb9fc9a4759ae85e"
  version = "v1.2.0"

[[projects]]
  digest = "1:e2d1d410fb367567c2b53ed9e2d719d3c1f0891397bb2fa49afd747cfbf1e8e4"
  name = "github.com/mattn/go-runewidth"
  packages = ["."]
  pruneopts = "UT"
  revision = "9e777a8366cce605130a531d2cd6363d07ad7317"
  version = "v0.0.2"

[[projects]]
  branch = "master"
  digest = "1:9bb0d1774266ec2e824a89b126fae80464dc58ac72929ac907185860a25f5eff"
  name = "github.com/olekukonko/tablewriter"
  packages = ["."]
  pruneopts = "UT"
  revision = "d5dd8a50526aadb3d5f2c9b5233277bc2db90e88"

[[projects]]
  digest = "1:0028cb19b2e4c3112225cd871870f2d9cf49b9b4276531f03438a88e94be86fe"
  name = "github.com/pmezard/go-difflib"
  packages = ["difflib"]
  pruneopts = "UT"
  revision = "792786c7400a136282c1664665ae0a8db921c6c2"
  version = "v1.0.0"

[[projects]]
  digest = "1:88f749786c4a99b228dd919447c77c818c3675511cb2debcf918999edfbbf3e2"
  name = "github.com/rafaeljusto/redigomock"
  packages = ["."]
  pruneopts = "UT"
  revision = "7ae0511314e9946bb0c87d6d485169ab2467a290"
  version = "v2.1"

[[projects]]
  branch = "master"
  digest = "1:ff6b0586c0621a76832cf783eee58cbb9d9795d2ce8acbc199a4131db11c42a9"
  name = "github.com/satori/go.uuid"
  packages = ["."]
  pruneopts = "UT"
  revision = "36e9d2ebbde5e3f13ab2e25625fd453271d6522e"

[[projects]]
  digest = "1:043a68c728982a54355d57e347dd4b52ba5ab3fec50e7a57894b1baa80aa7a9e"
  name = "github.com/sendgrid/rest"
  packages = ["."]
  pruneopts = "UT"
  revision = "306b9bef57dc36f3435ccfcc08fe6ae2c6920344"
  version = "v2.4.1"

[[projects]]
  digest = "1:bf326e9bc2c70dfc765590bfa9c9985e41355f7972fb50e7f052440f3a5122a2"
  name = "github.com/sendgrid/sendgrid-go"
  packages = [
    ".",
    "helpers/mail",
  ]
  pruneopts = "UT"
  revision = "8caf17aa96b4a98bae8bd216878dd50ff12897b5"
  version = "v3.4.1"

[[projects]]
  branch = "master"
  digest = "1:def689e73e9252f6f7fe66834a76751a41b767e03daab299e607e7226c58a855"
  name = "github.com/shurcooL/sanitized_anchor_name"
  packages = ["."]
  pruneopts = "UT"
  revision = "86672fcb3f950f35f2e675df2240550f2a50762f"

[[projects]]
  digest = "1:9e9193aa51197513b3abcb108970d831fbcf40ef96aa845c4f03276e1fa316d2"
  name = "github.com/sirupsen/logrus"
  packages = ["."]
  pruneopts = "UT"
  revision = "c155da19408a8799da419ed3eeb0cb5db0ad5dbc"
  version = "v1.0.5"

[[projects]]
  branch = "master"
  digest = "1:362b269942e8508aed33025593090ad4cdbd9077de4b1cd505e6124728e9e856"
  name = "github.com/ssor/bom"
  packages = ["."]
  pruneopts = "UT"
  revision = "6386211fdfcf24c0bfbdaceafd02849ed9a8a509"

[[projects]]
  digest = "1:7e8d267900c7fa7f35129a2a37596e38ed0f11ca746d6d9ba727980ee138f9f6"
  name = "github.com/stretchr/testify"
  packages = [
    "assert",
    "require",
  ]
  pruneopts = "UT"
  revision = "12b6f73e6084dad08a7c6e575284b177ecafbc71"
  version = "v1.2.1"

[[projects]]
  branch = "master"
  digest = "1:1c2f8ee5475a159add4b99b6236fa2fb86c7e4ea169484f5c624272fe06ea2b2"
  name = "golang.org/x/crypto"
  packages = [
    "pbkdf2",
    "scrypt",
    "ssh/terminal",
  ]
  pruneopts = "UT"
  revision = "d6449816ce06963d9d136eee5a56fca5b0616e7e"

[[projects]]
  branch = "master"
  digest = "1:c729f963009b848c1dd5f57d4419f32d9b2dccd7bd2a7de1944fc54b38e41b6f"
  name = "golang.org/x/net"
  packages = [
    "html",
    "html/atom",
  ]
  pruneopts = "UT"
  revision = "d41e8174641f662c5a2d1c7a5f9e828788eb8706"

[[projects]]
  branch = "master"
  digest = "1:bd3366f85afea02deff9e991af10b4445917a4eda1b9013aef4f0d2b04f1d4b8"
  name = "golang.org/x/sys"
  packages = [
    "unix",
    "windows",
  ]
  pruneopts = "UT"
  revision = "d0faeb539838e250bd0a9db4182d48d4a1915181"

[[projects]]
  branch = "v3"
  digest = "1:7388652e2215a3f45d341d58766ed58317971030eb1cbd75f005f96ace8e9196"
  name = "gopkg.in/alexcesaro/quotedprintable.v3"
  packages = ["."]
  pruneopts = "UT"
  revision = "2caba252f4dc53eaf6b553000885530023f54623"

[[projects]]
  digest = "1:39c2113f3a89585666e6f973650cff186b2d06deb4aa202c88addb87b0a201db"
  name = "gopkg.in/russross/blackfriday.v2"
  packages = ["."]
  pruneopts = "UT"
  revision = "cadec560ec52d93835bf2f15bd794700d3a2473b"
  version = "v2.0.0"

[solve-meta]
  analyzer-name = "dep"
  analyzer-version = 1
  input-imports = [
    "github.com/asaskevich/govalidator",
    "github.com/go-gomail/gomail",
    "github.com/gomodule/redigo/redis",
    "github.com/lib/pq",
    "github.com/matcornic/hermes",
    "github.com/rafaeljusto/redigomock",
    "github.com/satori/go.uuid",
    "github.com/sendgrid/sendgrid-go",
    "github.com/sendgrid/sendgrid-go/helpers/mail",
    "github.com/sirupsen/logrus",
    "github.com/stretchr/testify/assert",
    "github.com/stretchr/testify/require",
  ]
  solver-name = "gps-cdcl"
  solver-version = 1
